
Microsoft Visual Studio Solution File, Format Version 12.00
# Visual Studio Version 16
VisualStudioVersion = 16.0.29020.237
MinimumVisualStudioVersion = 10.0.40219.1
Project("{2150E333-8FDC-42A3-9474-1A3956D46DE8}") = "Web", "Web", "{9213ED6E-D3C8-4581-8464-D5CDE0ABBD05}"
EndProject
Project("{2150E333-8FDC-42A3-9474-1A3956D46DE8}") = "API", "API", "{F587DA20-C0FC-4052-85A9-1A0A75CDD774}"
EndProject
Project("{FAE04EC0-301F-11D3-BF4B-00C04F79EFBC}") = "XPW.BackOffice", "XPW.BackOffice\XPW.BackOffice.csproj", "{99699088-6529-4620-AF61-BA35F13FF394}"
EndProject
Project("{FAE04EC0-301F-11D3-BF4B-00C04F79EFBC}") = "XPW.WhiteLabel", "XPW.WhiteLabel\XPW.WhiteLabel.csproj", "{6688FA62-5730-4D23-A697-A3754C2BDABC}"
EndProject
Project("{FAE04EC0-301F-11D3-BF4B-00C04F79EFBC}") = "XPW.UserAuthToken", "XPW.UserAuthToken\XPW.UserAuthToken.csproj", "{C2EF30DE-A7D8-48B7-A1C0-926EAEB5D67F}"
EndProject
Project("{FAE04EC0-301F-11D3-BF4B-00C04F79EFBC}") = "XPW.Transactions", "XPW.Transactions\XPW.Transactions.csproj", "{40968DC7-81D8-4AFD-880B-9681CC104CB7}"
EndProject
Project("{FAE04EC0-301F-11D3-BF4B-00C04F79EFBC}") = "XPW.Reports", "XPW.Reports\XPW.Reports.csproj", "{1BFFF02F-CF24-48B3-8CF7-0074CAE13778}"
EndProject
Project("{FAE04EC0-301F-11D3-BF4B-00C04F79EFBC}") = "XPW.AccessCredentials", "XPW.AccessCredentials\XPW.AccessCredentials.csproj", "{1F773600-1E5C-4B7F-B868-2D11DA8D9393}"
EndProject
Project("{FAE04EC0-301F-11D3-BF4B-00C04F79EFBC}") = "XPW.DeviceManagement", "XPW.DeviceManagement\XPW.DeviceManagement.csproj", "{8FEC7673-B6BC-4AA8-BE9D-70A13E155075}"
EndProject
Project("{FAE04EC0-301F-11D3-BF4B-00C04F79EFBC}") = "XPW.Clients", "XPW.Clients\XPW.Clients.csproj", "{89C879D5-29E9-416D-87A7-4267C100CD0B}"
EndProject
Project("{FAE04EC0-301F-11D3-BF4B-00C04F79EFBC}") = "XPW.MainAPI", "XPW.MainAPI\XPW.MainAPI.csproj", "{8FA1DEA2-B7C3-47A4-B358-4A14E117CCB6}"
EndProject
Project("{FAE04EC0-301F-11D3-BF4B-00C04F79EFBC}") = "XPW.NoSQL", "XPW.NoSQL\XPW.NoSQL.csproj", "{B8976EAA-F916-45DC-88CC-B5F51DC79154}"
EndProject
Project("{2150E333-8FDC-42A3-9474-1A3956D46DE8}") = "Demo", "Demo", "{B24DB10D-1F96-474B-A276-BA7713F592E9}"
EndProject
Project("{FAE04EC0-301F-11D3-BF4B-00C04F79EFBC}") = "XPW.NoSQLDemo", "XPW.NoSQLDemo\XPW.NoSQLDemo.csproj", "{8968362C-629C-4077-8F3E-0AFC8ECFDAEE}"
EndProject
Global
	GlobalSection(SolutionConfigurationPlatforms) = preSolution
		Debug|Any CPU = Debug|Any CPU
		Release|Any CPU = Release|Any CPU
	EndGlobalSection
	GlobalSection(ProjectConfigurationPlatforms) = postSolution
		{99699088-6529-4620-AF61-BA35F13FF394}.Debug|Any CPU.ActiveCfg = Debug|Any CPU
		{99699088-6529-4620-AF61-BA35F13FF394}.Debug|Any CPU.Build.0 = Debug|Any CPU
		{99699088-6529-4620-AF61-BA35F13FF394}.Release|Any CPU.ActiveCfg = Release|Any CPU
		{99699088-6529-4620-AF61-BA35F13FF394}.Release|Any CPU.Build.0 = Release|Any CPU
		{6688FA62-5730-4D23-A697-A3754C2BDABC}.Debug|Any CPU.ActiveCfg = Debug|Any CPU
		{6688FA62-5730-4D23-A697-A3754C2BDABC}.Debug|Any CPU.Build.0 = Debug|Any CPU
		{6688FA62-5730-4D23-A697-A3754C2BDABC}.Release|Any CPU.ActiveCfg = Release|Any CPU
		{6688FA62-5730-4D23-A697-A3754C2BDABC}.Release|Any CPU.Build.0 = Release|Any CPU
		{C2EF30DE-A7D8-48B7-A1C0-926EAEB5D67F}.Debug|Any CPU.ActiveCfg = Debug|Any CPU
		{C2EF30DE-A7D8-48B7-A1C0-926EAEB5D67F}.Debug|Any CPU.Build.0 = Debug|Any CPU
		{C2EF30DE-A7D8-48B7-A1C0-926EAEB5D67F}.Release|Any CPU.ActiveCfg = Release|Any CPU
		{C2EF30DE-A7D8-48B7-A1C0-926EAEB5D67F}.Release|Any CPU.Build.0 = Release|Any CPU
		{40968DC7-81D8-4AFD-880B-9681CC104CB7}.Debug|Any CPU.ActiveCfg = Debug|Any CPU
		{40968DC7-81D8-4AFD-880B-9681CC104CB7}.Debug|Any CPU.Build.0 = Debug|Any CPU
		{40968DC7-81D8-4AFD-880B-9681CC104CB7}.Release|Any CPU.ActiveCfg = Release|Any CPU
		{40968DC7-81D8-4AFD-880B-9681CC104CB7}.Release|Any CPU.Build.0 = Release|Any CPU
		{1BFFF02F-CF24-48B3-8CF7-0074CAE13778}.Debug|Any CPU.ActiveCfg = Debug|Any CPU
		{1BFFF02F-CF24-48B3-8CF7-0074CAE13778}.Debug|Any CPU.Build.0 = Debug|Any CPU
		{1BFFF02F-CF24-48B3-8CF7-0074CAE13778}.Release|Any CPU.ActiveCfg = Release|Any CPU
		{1BFFF02F-CF24-48B3-8CF7-0074CAE13778}.Release|Any CPU.Build.0 = Release|Any CPU
		{1F773600-1E5C-4B7F-B868-2D11DA8D9393}.Debug|Any CPU.ActiveCfg = Debug|Any CPU
		{1F773600-1E5C-4B7F-B868-2D11DA8D9393}.Debug|Any CPU.Build.0 = Debug|Any CPU
		{1F773600-1E5C-4B7F-B868-2D11DA8D9393}.Release|Any CPU.ActiveCfg = Release|Any CPU
		{1F773600-1E5C-4B7F-B868-2D11DA8D9393}.Release|Any CPU.Build.0 = Release|Any CPU
		{8FEC7673-B6BC-4AA8-BE9D-70A13E155075}.Debug|Any CPU.ActiveCfg = Debug|Any CPU
		{8FEC7673-B6BC-4AA8-BE9D-70A13E155075}.Debug|Any CPU.Build.0 = Debug|Any CPU
		{8FEC7673-B6BC-4AA8-BE9D-70A13E155075}.Release|Any CPU.ActiveCfg = Release|Any CPU
		{8FEC7673-B6BC-4AA8-BE9D-70A13E155075}.Release|Any CPU.Build.0 = Release|Any CPU
		{89C879D5-29E9-416D-87A7-4267C100CD0B}.Debug|Any CPU.ActiveCfg = Debug|Any CPU
		{89C879D5-29E9-416D-87A7-4267C100CD0B}.Debug|Any CPU.Build.0 = Debug|Any CPU
		{89C879D5-29E9-416D-87A7-4267C100CD0B}.Release|Any CPU.ActiveCfg = Release|Any CPU
		{89C879D5-29E9-416D-87A7-4267C100CD0B}.Release|Any CPU.Build.0 = Release|Any CPU
		{8FA1DEA2-B7C3-47A4-B358-4A14E117CCB6}.Debug|Any CPU.ActiveCfg = Debug|Any CPU
		{8FA1DEA2-B7C3-47A4-B358-4A14E117CCB6}.Debug|Any CPU.Build.0 = Debug|Any CPU
		{8FA1DEA2-B7C3-47A4-B358-4A14E117CCB6}.Release|Any CPU.ActiveCfg = Release|Any CPU
		{8FA1DEA2-B7C3-47A4-B358-4A14E117CCB6}.Release|Any CPU.Build.0 = Release|Any CPU
		{B8976EAA-F916-45DC-88CC-B5F51DC79154}.Debug|Any CPU.ActiveCfg = Debug|Any CPU
		{B8976EAA-F916-45DC-88CC-B5F51DC79154}.Debug|Any CPU.Build.0 = Debug|Any CPU
		{B8976EAA-F916-45DC-88CC-B5F51DC79154}.Release|Any CPU.ActiveCfg = Release|Any CPU
		{B8976EAA-F916-45DC-88CC-B5F51DC79154}.Release|Any CPU.Build.0 = Release|Any CPU
		{8968362C-629C-4077-8F3E-0AFC8ECFDAEE}.Debug|Any CPU.ActiveCfg = Debug|Any CPU
		{8968362C-629C-4077-8F3E-0AFC8ECFDAEE}.Debug|Any CPU.Build.0 = Debug|Any CPU
		{8968362C-629C-4077-8F3E-0AFC8ECFDAEE}.Release|Any CPU.ActiveCfg = Release|Any CPU
		{8968362C-629C-4077-8F3E-0AFC8ECFDAEE}.Release|Any CPU.Build.0 = Release|Any CPU
	EndGlobalSection
	GlobalSection(SolutionProperties) = preSolution
		HideSolutionNode = FALSE
	EndGlobalSection
	GlobalSection(NestedProjects) = preSolution
		{99699088-6529-4620-AF61-BA35F13FF394} = {9213ED6E-D3C8-4581-8464-D5CDE0ABBD05}
		{6688FA62-5730-4D23-A697-A3754C2BDABC} = {F587DA20-C0FC-4052-85A9-1A0A75CDD774}
		{C2EF30DE-A7D8-48B7-A1C0-926EAEB5D67F} = {F587DA20-C0FC-4052-85A9-1A0A75CDD774}
		{40968DC7-81D8-4AFD-880B-9681CC104CB7} = {F587DA20-C0FC-4052-85A9-1A0A75CDD774}
		{1BFFF02F-CF24-48B3-8CF7-0074CAE13778} = {F587DA20-C0FC-4052-85A9-1A0A75CDD774}
		{1F773600-1E5C-4B7F-B868-2D11DA8D9393} = {F587DA20-C0FC-4052-85A9-1A0A75CDD774}
		{8FEC7673-B6BC-4AA8-BE9D-70A13E155075} = {F587DA20-C0FC-4052-85A9-1A0A75CDD774}
		{89C879D5-29E9-416D-87A7-4267C100CD0B} = {F587DA20-C0FC-4052-85A9-1A0A75CDD774}
		{8FA1DEA2-B7C3-47A4-B358-4A14E117CCB6} = {F587DA20-C0FC-4052-85A9-1A0A75CDD774}
		{B8976EAA-F916-45DC-88CC-B5F51DC79154} = {F587DA20-C0FC-4052-85A9-1A0A75CDD774}
		{8968362C-629C-4077-8F3E-0AFC8ECFDAEE} = {B24DB10D-1F96-474B-A276-BA7713F592E9}
	EndGlobalSection
	GlobalSection(ExtensibilityGlobals) = postSolution
		SolutionGuid = {ACE2BD77-8E7C-44CB-9EEC-0283973386A2}
	EndGlobalSection
EndGlobal
